// !$*UTF8*$!
{
	archiveVersion = 1;
	classes = {
	};
	objectVersion = 55;
	objects = {

/* Begin PBXBuildFile section */
		6A5045A1274A00F400D8FD0D /* CS193_MemorizeApp.swift in Sources */ = {isa = PBXBuildFile; fileRef = 6A5045A0274A00F400D8FD0D /* CS193_MemorizeApp.swift */; };
		6A5045A3274A00F400D8FD0D /* ContentView.swift in Sources */ = {isa = PBXBuildFile; fileRef = 6A5045A2274A00F400D8FD0D /* ContentView.swift */; };
		6A5045A5274A00F500D8FD0D /* Assets.xcassets in Resources */ = {isa = PBXBuildFile; fileRef = 6A5045A4274A00F500D8FD0D /* Assets.xcassets */; };
		6A5045A8274A00F500D8FD0D /* Preview Assets.xcassets in Resources */ = {isa = PBXBuildFile; fileRef = 6A5045A7274A00F500D8FD0D /* Preview Assets.xcassets */; };
		6A5045B2274A00F500D8FD0D /* CS193_MemorizeTests.swift in Sources */ = {isa = PBXBuildFile; fileRef = 6A5045B1274A00F500D8FD0D /* CS193_MemorizeTests.swift */; };
		6A5045BC274A00F500D8FD0D /* CS193_MemorizeUITests.swift in Sources */ = {isa = PBXBuildFile; fileRef = 6A5045BB274A00F500D8FD0D /* CS193_MemorizeUITests.swift */; };
		6A5045BE274A00F500D8FD0D /* CS193_MemorizeUITestsLaunchTests.swift in Sources */ = {isa = PBXBuildFile; fileRef = 6A5045BD274A00F500D8FD0D /* CS193_MemorizeUITestsLaunchTests.swift */; };
/* End PBXBuildFile section */

/* Begin PBXContainerItemProxy section */
		6A5045AE274A00F500D8FD0D /* PBXContainerItemProxy */ = {
			isa = PBXContainerItemProxy;
			containerPortal = 6A504595274A00F400D8FD0D /* Project object */;
			proxyType = 1;
			remoteGlobalIDString = 6A50459C274A00F400D8FD0D;
			remoteInfo = "CS193-Memorize";
		};
		6A5045B8274A00F500D8FD0D /* PBXContainerItemProxy */ = {
			isa = PBXContainerItemProxy;
			containerPortal = 6A504595274A00F400D8FD0D /* Project object */;
			proxyType = 1;
			remoteGlobalIDString = 6A50459C274A00F400D8FD0D;
			remoteInfo = "CS193-Memorize";
		};
/* End PBXContainerItemProxy section */

/* Begin PBXFileReference section */
		6A50459D274A00F400D8FD0D /* CS193-Memorize.app */ = {isa = PBXFileReference; explicitFileType = wrapper.application; includeInIndex = 0; path = "CS193-Memorize.app"; sourceTree = BUILT_PRODUCTS_DIR; };
		6A5045A0274A00F400D8FD0D /* CS193_MemorizeApp.swift */ = {isa = PBXFileReference; lastKnownFileType = sourcecode.swift; path = CS193_MemorizeApp.swift; sourceTree = "<group>"; };
		6A5045A2274A00F400D8FD0D /* ContentView.swift */ = {isa = PBXFileReference; lastKnownFileType = sourcecode.swift; path = ContentView.swift; sourceTree = "<group>"; };
		6A5045A4274A00F500D8FD0D /* Assets.xcassets */ = {isa = PBXFileReference; lastKnownFileType = folder.assetcatalog; path = Assets.xcassets; sourceTree = "<group>"; };
		6A5045A7274A00F500D8FD0D /* Preview Assets.xcassets */ = {isa = PBXFileReference; lastKnownFileType = folder.assetcatalog; path = "Preview Assets.xcassets"; sourceTree = "<group>"; };
		6A5045AD274A00F500D8FD0D /* CS193-MemorizeTests.xctest */ = {isa = PBXFileReference; explicitFileType = wrapper.cfbundle; includeInIndex = 0; path = "CS193-MemorizeTests.xctest"; sourceTree = BUILT_PRODUCTS_DIR; };
		6A5045B1274A00F500D8FD0D /* CS193_MemorizeTests.swift */ = {isa = PBXFileReference; lastKnownFileType = sourcecode.swift; path = CS193_MemorizeTests.swift; sourceTree = "<group>"; };
		6A5045B7274A00F500D8FD0D /* CS193-MemorizeUITests.xctest */ = {isa = PBXFileReference; explicitFileType = wrapper.cfbundle; includeInIndex = 0; path = "CS193-MemorizeUITests.xctest"; sourceTree = BUILT_PRODUCTS_DIR; };
		6A5045BB274A00F500D8FD0D /* CS193_MemorizeUITests.swift */ = {isa = PBXFileReference; lastKnownFileType = sourcecode.swift; path = CS193_MemorizeUITests.swift; sourceTree = "<group>"; };
		6A5045BD274A00F500D8FD0D /* CS193_MemorizeUITestsLaunchTests.swift */ = {isa = PBXFileReference; lastKnownFileType = sourcecode.swift; path = CS193_MemorizeUITestsLaunchTests.swift; sourceTree = "<group>"; };
/* End PBXFileReference section */

/* Begin PBXFrameworksBuildPhase section */
		6A50459A274A00F400D8FD0D /* Frameworks */ = {
			isa = PBXFrameworksBuildPhase;
			buildActionMask = 2147483647;
			files = (
			);
			runOnlyForDeploymentPostprocessing = 0;
		};
		6A5045AA274A00F500D8FD0D /* Frameworks */ = {
			isa = PBXFrameworksBuildPhase;
			buildActionMask = 2147483647;
			files = (
			);
			runOnlyForDeploymentPostprocessing = 0;
		};
		6A5045B4274A00F500D8FD0D /* Frameworks */ = {
			isa = PBXFrameworksBuildPhase;
			buildActionMask = 2147483647;
			files = (
			);
			runOnlyForDeploymentPostprocessing = 0;
		};
/* End PBXFrameworksBuildPhase section */

/* Begin PBXGroup section */
		6A504594274A00F400D8FD0D = {
			isa = PBXGroup;
			children = (
				6A50459F274A00F400D8FD0D /* CS193-Memorize */,
				6A5045B0274A00F500D8FD0D /* CS193-MemorizeTests */,
				6A5045BA274A00F500D8FD0D /* CS193-MemorizeUITests */,
				6A50459E274A00F400D8FD0D /* Products */,
			);
			sourceTree = "<group>";
		};
		6A50459E274A00F400D8FD0D /* Products */ = {
			isa = PBXGroup;
			children = (
				6A50459D274A00F400D8FD0D /* CS193-Memorize.app */,
				6A5045AD274A00F500D8FD0D /* CS193-MemorizeTests.xctest */,
				6A5045B7274A00F500D8FD0D /* CS193-MemorizeUITests.xctest */,
			);
			name = Products;
			sourceTree = "<group>";
		};
		6A50459F274A00F400D8FD0D /* CS193-Memorize */ = {
			isa = PBXGroup;
			children = (
				6A5045A0274A00F400D8FD0D /* CS193_MemorizeApp.swift */,
				6A5045A2274A00F400D8FD0D /* ContentView.swift */,
				6A5045A4274A00F500D8FD0D /* Assets.xcassets */,
				6A5045A6274A00F500D8FD0D /* Preview Content */,
			);
			path = "CS193-Memorize";
			sourceTree = "<group>";
		};
		6A5045A6274A00F500D8FD0D /* Preview Content */ = {
			isa = PBXGroup;
			children = (
				6A5045A7274A00F500D8FD0D /* Preview Assets.xcassets */,
			);
			path = "Preview Content";
			sourceTree = "<group>";
		};
		6A5045B0274A00F500D8FD0D /* CS193-MemorizeTests */ = {
			isa = PBXGroup;
			children = (
				6A5045B1274A00F500D8FD0D /* CS193_MemorizeTests.swift */,
			);
			path = "CS193-MemorizeTests";
			sourceTree = "<group>";
		};
		6A5045BA274A00F500D8FD0D /* CS193-MemorizeUITests */ = {
			isa = PBXGroup;
			children = (
				6A5045BB274A00F500D8FD0D /* CS193_MemorizeUITests.swift */,
				6A5045BD274A00F500D8FD0D /* CS193_MemorizeUITestsLaunchTests.swift */,
			);
			path = "CS193-MemorizeUITests";
			sourceTree = "<group>";
		};
/* End PBXGroup section */

/* Begin PBXNativeTarget section */
		6A50459C274A00F400D8FD0D /* CS193-Memorize */ = {
			isa = PBXNativeTarget;
			buildConfigurationList = 6A5045C1274A00F500D8FD0D /* Build configuration list for PBXNativeTarget "CS193-Memorize" */;
			buildPhases = (
				6A504599274A00F400D8FD0D /* Sources */,
				6A50459A274A00F400D8FD0D /* Frameworks */,
				6A50459B274A00F400D8FD0D /* Resources */,
			);
			buildRules = (
			);
			dependencies = (
			);
			name = "CS193-Memorize";
			productName = "CS193-Memorize";
			productReference = 6A50459D274A00F400D8FD0D /* CS193-Memorize.app */;
			productType = "com.apple.product-type.application";
		};
		6A5045AC274A00F500D8FD0D /* CS193-MemorizeTests */ = {
			isa = PBXNativeTarget;
			buildConfigurationList = 6A5045C4274A00F500D8FD0D /* Build configuration list for PBXNativeTarget "CS193-MemorizeTests" */;
			buildPhases = (
				6A5045A9274A00F500D8FD0D /* Sources */,
				6A5045AA274A00F500D8FD0D /* Frameworks */,
				6A5045AB274A00F500D8FD0D /* Resources */,
			);
			buildRules = (
			);
			dependencies = (
				6A5045AF274A00F500D8FD0D /* PBXTargetDependency */,
			);
			name = "CS193-MemorizeTests";
			productName = "CS193-MemorizeTests";
			productReference = 6A5045AD274A00F500D8FD0D /* CS193-MemorizeTests.xctest */;
			productType = "com.apple.product-type.bundle.unit-test";
		};
		6A5045B6274A00F500D8FD0D /* CS193-MemorizeUITests */ = {
			isa = PBXNativeTarget;
			buildConfigurationList = 6A5045C7274A00F500D8FD0D /* Build configuration list for PBXNativeTarget "CS193-MemorizeUITests" */;
			buildPhases = (
				6A5045B3274A00F500D8FD0D /* Sources */,
				6A5045B4274A00F500D8FD0D /* Frameworks */,
				6A5045B5274A00F500D8FD0D /* Resources */,
			);
			buildRules = (
			);
			dependencies = (
				6A5045B9274A00F500D8FD0D /* PBXTargetDependency */,
			);
			name = "CS193-MemorizeUITests";
			productName = "CS193-MemorizeUITests";
			productReference = 6A5045B7274A00F500D8FD0D /* CS193-MemorizeUITests.xctest */;
			productType = "com.apple.product-type.bundle.ui-testing";
		};
/* End PBXNativeTarget section */

/* Begin PBXProject section */
		6A504595274A00F400D8FD0D /* Project object */ = {
			isa = PBXProject;
			attributes = {
				BuildIndependentTargetsInParallel = 1;
				LastSwiftUpdateCheck = 1310;
				LastUpgradeCheck = 1310;
				TargetAttributes = {
					6A50459C274A00F400D8FD0D = {
						CreatedOnToolsVersion = 13.1;
					};
					6A5045AC274A00F500D8FD0D = {
						CreatedOnToolsVersion = 13.1;
						TestTargetID = 6A50459C274A00F400D8FD0D;
					};
					6A5045B6274A00F500D8FD0D = {
						CreatedOnToolsVersion = 13.1;
						TestTargetID = 6A50459C274A00F400D8FD0D;
					};
				};
			};
			buildConfigurationList = 6A504598274A00F400D8FD0D /* Build configuration list for PBXProject "CS193-Memorize" */;
			compatibilityVersion = "Xcode 13.0";
			developmentRegion = en;
			hasScannedForEncodings = 0;
			knownRegions = (
				en,
				Base,
			);
			mainGroup = 6A504594274A00F400D8FD0D;
			productRefGroup = 6A50459E274A00F400D8FD0D /* Products */;
			projectDirPath = "";
			projectRoot = "";
			targets = (
				6A50459C274A00F400D8FD0D /* CS193-Memorize */,
				6A5045AC274A00F500D8FD0D /* CS193-MemorizeTests */,
				6A5045B6274A00F500D8FD0D /* CS193-MemorizeUITests */,
			);
		};
/* End PBXProject section */

/* Begin PBXResourcesBuildPhase section */
		6A50459B274A00F400D8FD0D /* Resources */ = {
			isa = PBXResourcesBuildPhase;
			buildActionMask = 2147483647;
			files = (
				6A5045A8274A00F500D8FD0D /* Preview Assets.xcassets in Resources */,
				6A5045A5274A00F500D8FD0D /* Assets.xcassets in Resources */,
			);
			runOnlyForDeploymentPostprocessing = 0;
		};
		6A5045AB274A00F500D8FD0D /* Resources */ = {
			isa = PBXResourcesBuildPhase;
			buildActionMask = 2147483647;
			files = (
			);
			runOnlyForDeploymentPostprocessing = 0;
		};
		6A5045B5274A00F500D8FD0D /* Resources */ = {
			isa = PBXResourcesBuildPhase;
			buildActionMask = 2147483647;
			files = (
			);
			runOnlyForDeploymentPostprocessing = 0;
		};
/* End PBXResourcesBuildPhase section */

/* Begin PBXSourcesBuildPhase section */
		6A504599274A00F400D8FD0D /* Sources */ = {
			isa = PBXSourcesBuildPhase;
			buildActionMask = 2147483647;
			files = (
				6A5045A3274A00F400D8FD0D /* ContentView.swift in Sources */,
				6A5045A1274A00F400D8FD0D /* CS193_MemorizeApp.swift in Sources */,
			);
			runOnlyForDeploymentPostprocessing = 0;
		};
		6A5045A9274A00F500D8FD0D /* Sources */ = {
			isa = PBXSourcesBuildPhase;
			buildActionMask = 2147483647;
			files = (
				6A5045B2274A00F500D8FD0D /* CS193_MemorizeTests.swift in Sources */,
			);
			runOnlyForDeploymentPostprocessing = 0;
		};
		6A5045B3274A00F500D8FD0D /* Sources */ = {
			isa = PBXSourcesBuildPhase;
			buildActionMask = 2147483647;
			files = (
				6A5045BE274A00F500D8FD0D /* CS193_MemorizeUITestsLaunchTests.swift in Sources */,
				6A5045BC274A00F500D8FD0D /* CS193_MemorizeUITests.swift in Sources */,
			);
			runOnlyForDeploymentPostprocessing = 0;
		};
/* End PBXSourcesBuildPhase section */

/* Begin PBXTargetDependency section */
		6A5045AF274A00F500D8FD0D /* PBXTargetDependency */ = {
			isa = PBXTargetDependency;
			target = 6A50459C274A00F400D8FD0D /* CS193-Memorize */;
			targetProxy = 6A5045AE274A00F500D8FD0D /* PBXContainerItemProxy */;
		};
		6A5045B9274A00F500D8FD0D /* PBXTargetDependency */ = {
			isa = PBXTargetDependency;
			target = 6A50459C274A00F400D8FD0D /* CS193-Memorize */;
			targetProxy = 6A5045B8274A00F500D8FD0D /* PBXContainerItemProxy */;
		};
/* End PBXTargetDependency section */

/* Begin XCBuildConfiguration section */
		6A5045BF274A00F500D8FD0D /* Debug */ = {
			isa = XCBuildConfiguration;
			buildSettings = {
				ALWAYS_SEARCH_USER_PATHS = NO;
				CLANG_ANALYZER_NONNULL = YES;
				CLANG_ANALYZER_NUMBER_OBJECT_CONVERSION = YES_AGGRESSIVE;
				CLANG_CXX_LANGUAGE_STANDARD = "gnu++17";
				CLANG_CXX_LIBRARY = "libc++";
				CLANG_ENABLE_MODULES = YES;
				CLANG_ENABLE_OBJC_ARC = YES;
				CLANG_ENABLE_OBJC_WEAK = YES;
				CLANG_WARN_BLOCK_CAPTURE_AUTORELEASING = YES;
				CLANG_WARN_BOOL_CONVERSION = YES;
				CLANG_WARN_COMMA = YES;
				CLANG_WARN_CONSTANT_CONVERSION = YES;
				CLANG_WARN_DEPRECATED_OBJC_IMPLEMENTATIONS = YES;
				CLANG_WARN_DIRECT_OBJC_ISA_USAGE = YES_ERROR;
				CLANG_WARN_DOCUMENTATION_COMMENTS = YES;
				CLANG_WARN_EMPTY_BODY = YES;
				CLANG_WARN_ENUM_CONVERSION = YES;
				CLANG_WARN_INFINITE_RECURSION = YES;
				CLANG_WARN_INT_CONVERSION = YES;
				CLANG_WARN_NON_LITERAL_NULL_CONVERSION = YES;
				CLANG_WARN_OBJC_IMPLICIT_RETAIN_SELF = YES;
				CLANG_WARN_OBJC_LITERAL_CONVERSION = YES;
				CLANG_WARN_OBJC_ROOT_CLASS = YES_ERROR;
				CLANG_WARN_QUOTED_INCLUDE_IN_FRAMEWORK_HEADER = YES;
				CLANG_WARN_RANGE_LOOP_ANALYSIS = YES;
				CLANG_WARN_STRICT_PROTOTYPES = YES;
				CLANG_WARN_SUSPICIOUS_MOVE = YES;
				CLANG_WARN_UNGUARDED_AVAILABILITY = YES_AGGRESSIVE;
				CLANG_WARN_UNREACHABLE_CODE = YES;
				CLANG_WARN__DUPLICATE_METHOD_MATCH = YES;
				COPY_PHASE_STRIP = NO;
				DEBUG_INFORMATION_FORMAT = dwarf;
				ENABLE_STRICT_OBJC_MSGSEND = YES;
				ENABLE_TESTABILITY = YES;
				GCC_C_LANGUAGE_STANDARD = gnu11;
				GCC_DYNAMIC_NO_PIC = NO;
				GCC_NO_COMMON_BLOCKS = YES;
				GCC_OPTIMIZATION_LEVEL = 0;
				GCC_PREPROCESSOR_DEFINITIONS = (
					"DEBUG=1",
					"$(inherited)",
				);
				GCC_WARN_64_TO_32_BIT_CONVERSION = YES;
				GCC_WARN_ABOUT_RETURN_TYPE = YES_ERROR;
				GCC_WARN_UNDECLARED_SELECTOR = YES;
				GCC_WARN_UNINITIALIZED_AUTOS = YES_AGGRESSIVE;
				GCC_WARN_UNUSED_FUNCTION = YES;
				GCC_WARN_UNUSED_VARIABLE = YES;
				IPHONEOS_DEPLOYMENT_TARGET = 15.0;
				MTL_ENABLE_DEBUG_INFO = INCLUDE_SOURCE;
				MTL_FAST_MATH = YES;
				ONLY_ACTIVE_ARCH = YES;
				SDKROOT = iphoneos;
				SWIFT_ACTIVE_COMPILATION_CONDITIONS = DEBUG;
				SWIFT_OPTIMIZATION_LEVEL = "-Onone";
			};
			name = Debug;
		};
		6A5045C0274A00F500D8FD0D /* Release */ = {
			isa = XCBuildConfiguration;
			buildSettings = {
				ALWAYS_SEARCH_USER_PATHS = NO;
				CLANG_ANALYZER_NONNULL = YES;
				CLANG_ANALYZER_NUMBER_OBJECT_CONVERSION = YES_AGGRESSIVE;
				CLANG_CXX_LANGUAGE_STANDARD = "gnu++17";
				CLANG_CXX_LIBRARY = "libc++";
				CLANG_ENABLE_MODULES = YES;
				CLANG_ENABLE_OBJC_ARC = YES;
				CLANG_ENABLE_OBJC_WEAK = YES;
				CLANG_WARN_BLOCK_CAPTURE_AUTORELEASING = YES;
				CLANG_WARN_BOOL_CONVERSION = YES;
				CLANG_WARN_COMMA = YES;
				CLANG_WARN_CONSTANT_CONVERSION = YES;
				CLANG_WARN_DEPRECATED_OBJC_IMPLEMENTATIONS = YES;
				CLANG_WARN_DIRECT_OBJC_ISA_USAGE = YES_ERROR;
				CLANG_WARN_DOCUMENTATION_COMMENTS = YES;
				CLANG_WARN_EMPTY_BODY = YES;
				CLANG_WARN_ENUM_CONVERSION = YES;
				CLANG_WARN_INFINITE_RECURSION = YES;
				CLANG_WARN_INT_CONVERSION = YES;
				CLANG_WARN_NON_LITERAL_NULL_CONVERSION = YES;
				CLANG_WARN_OBJC_IMPLICIT_RETAIN_SELF = YES;
				CLANG_WARN_OBJC_LITERAL_CONVERSION = YES;
				CLANG_WARN_OBJC_ROOT_CLASS = YES_ERROR;
				CLANG_WARN_QUOTED_INCLUDE_IN_FRAMEWORK_HEADER = YES;
				CLANG_WARN_RANGE_LOOP_ANALYSIS = YES;
				CLANG_WARN_STRICT_PROTOTYPES = YES;
				CLANG_WARN_SUSPICIOUS_MOVE = YES;
				CLANG_WARN_UNGUARDED_AVAILABILITY = YES_AGGRESSIVE;
				CLANG_WARN_UNREACHABLE_CODE = YES;
				CLANG_WARN__DUPLICATE_METHOD_MATCH = YES;
				COPY_PHASE_STRIP = NO;
				DEBUG_INFORMATION_FORMAT = "dwarf-with-dsym";
				ENABLE_NS_ASSERTIONS = NO;
				ENABLE_STRICT_OBJC_MSGSEND = YES;
				GCC_C_LANGUAGE_STANDARD = gnu11;
				GCC_NO_COMMON_BLOCKS = YES;
				GCC_WARN_64_TO_32_BIT_CONVERSION = YES;
				GCC_WARN_ABOUT_RETURN_TYPE = YES_ERROR;
				GCC_WARN_UNDECLARED_SELECTOR = YES;
				GCC_WARN_UNINITIALIZED_AUTOS = YES_AGGRESSIVE;
				GCC_WARN_UNUSED_FUNCTION = YES;
				GCC_WARN_UNUSED_VARIABLE = YES;
				IPHONEOS_DEPLOYMENT_TARGET = 15.0;
				MTL_ENABLE_DEBUG_INFO = NO;
				MTL_FAST_MATH = YES;
				SDKROOT = iphoneos;
				SWIFT_COMPILATION_MODE = wholemodule;
				SWIFT_OPTIMIZATION_LEVEL = "-O";
				VALIDATE_PRODUCT = YES;
			};
			name = Release;
		};
		6A5045C2274A00F500D8FD0D /* Debug */ = {
			isa = XCBuildConfiguration;
			buildSettings = {
				ASSETCATALOG_COMPILER_APPICON_NAME = AppIcon;
				ASSETCATALOG_COMPILER_GLOBAL_ACCENT_COLOR_NAME = AccentColor;
				CODE_SIGN_STYLE = Automatic;
				CURRENT_PROJECT_VERSION = 1;
				DEVELOPMENT_ASSET_PATHS = "\"CS193-Memorize/Preview Content\"";
				DEVELOPMENT_TEAM = NPWN79CNJK;
				ENABLE_PREVIEWS = YES;
				GENERATE_INFOPLIST_FILE = YES;
				INFOPLIST_KEY_UIApplicationSceneManifest_Generation = YES;
				INFOPLIST_KEY_UIApplicationSupportsIndirectInputEvents = YES;
				INFOPLIST_KEY_UILaunchScreen_Generation = YES;
				INFOPLIST_KEY_UISupportedInterfaceOrientations_iPad = "UIInterfaceOrientationPortrait UIInterfaceOrientationPortraitUpsideDown UIInterfaceOrientationLandscapeLeft UIInterfaceOrientationLandscapeRight";
				INFOPLIST_KEY_UISupportedInterfaceOrientations_iPhone = "UIInterfaceOrientationPortrait UIInterfaceOrientationLandscapeLeft UIInterfaceOrientationLandscapeRight";
				LD_RUNPATH_SEARCH_PATHS = (
					"$(inherited)",
					"@executable_path/Frameworks",
				);
				MARKETING_VERSION = 1.0;
				PRODUCT_BUNDLE_IDENTIFIER = "com.nlimpid.instructor.CS193-Memorize";
				PRODUCT_NAME = "$(TARGET_NAME)";
				SWIFT_EMIT_LOC_STRINGS = YES;
				SWIFT_VERSION = 5.0;
				TARGETED_DEVICE_FAMILY = "1,2";
			};
			name = Debug;
		};
		6A5045C3274A00F500D8FD0D /* Release */ = {
			isa = XCBuildConfiguration;
			buildSettings = {
				ASSETCATALOG_COMPILER_APPICON_NAME = AppIcon;
				ASSETCATALOG_COMPILER_GLOBAL_ACCENT_COLOR_NAME = AccentColor;
				CODE_SIGN_STYLE = Automatic;
				CURRENT_PROJECT_VERSION = 1;
				DEVELOPMENT_ASSET_PATHS = "\"CS193-Memorize/Preview Content\"";
				DEVELOPMENT_TEAM = NPWN79CNJK;
				ENABLE_PREVIEWS = YES;
				GENERATE_INFOPLIST_FILE = YES;
				INFOPLIST_KEY_UIApplicationSceneManifest_Generation = YES;
				INFOPLIST_KEY_UIApplicationSupportsIndirectInputEvents = YES;
				INFOPLIST_KEY_UILaunchScreen_Generation = YES;
				INFOPLIST_KEY_UISupportedInterfaceOrientations_iPad = "UIInterfaceOrientationPortrait UIInterfaceOrientationPortraitUpsideDown UIInterfaceOrientationLandscapeLeft UIInterfaceOrientationLandscapeRight";
				INFOPLIST_KEY_UISupportedInterfaceOrientations_iPhone = "UIInterfaceOrientationPortrait UIInterfaceOrientationLandscapeLeft UIInterfaceOrientationLandscapeRight";
				LD_RUNPATH_SEARCH_PATHS = (
					"$(inherited)",
					"@executable_path/Frameworks",
				);
				MARKETING_VERSION = 1.0;
				PRODUCT_BUNDLE_IDENTIFIER = "com.nlimpid.instructor.CS193-Memorize";
				PRODUCT_NAME = "$(TARGET_NAME)";
				SWIFT_EMIT_LOC_STRINGS = YES;
				SWIFT_VERSION = 5.0;
				TARGETED_DEVICE_FAMILY = "1,2";
			};
			name = Release;
		};
		6A5045C5274A00F500D8FD0D /* Debug */ = {
			isa = XCBuildConfiguration;
			buildSettings = {
				ALWAYS_EMBED_SWIFT_STANDARD_LIBRARIES = YES;
				BUNDLE_LOADER = "$(TEST_HOST)";
				CODE_SIGN_STYLE = Automatic;
				CURRENT_PROJECT_VERSION = 1;
				DEVELOPMENT_TEAM = NPWN79CNJK;
				GENERATE_INFOPLIST_FILE = YES;
				IPHONEOS_DEPLOYMENT_TARGET = 15.0;
				LD_RUNPATH_SEARCH_PATHS = (
					"$(inherited)",
					"@executable_path/Frameworks",
					"@loader_path/Frameworks",
				);
				MARKETING_VERSION = 1.0;
				PRODUCT_BUNDLE_IDENTIFIER = "com.nlimpid.instructor.CS193-MemorizeTests";
				PRODUCT_NAME = "$(TARGET_NAME)";
				SWIFT_EMIT_LOC_STRINGS = NO;
				SWIFT_VERSION = 5.0;
				TARGETED_DEVICE_FAMILY = "1,2";
				TEST_HOST = "$(BUILT_PRODUCTS_DIR)/CS193-Memorize.app/CS193-Memorize";
			};
			name = Debug;
		};
		6A5045C6274A00F500D8FD0D /* Release */ = {
			isa = XCBuildConfiguration;
			buildSettings = {
				ALWAYS_EMBED_SWIFT_STANDARD_LIBRARIES = YES;
				BUNDLE_LOADER = "$(TEST_HOST)";
				CODE_SIGN_STYLE = Automatic;
				CURRENT_PROJECT_VERSION = 1;
				DEVELOPMENT_TEAM = NPWN79CNJK;
				GENERATE_INFOPLIST_FILE = YES;
				IPHONEOS_DEPLOYMENT_TARGET = 15.0;
				LD_RUNPATH_SEARCH_PATHS = (
					"$(inherited)",
					"@executable_path/Frameworks",
					"@loader_path/Frameworks",
				);
				MARKETING_VERSION = 1.0;
				PRODUCT_BUNDLE_IDENTIFIER = "com.nlimpid.instructor.CS193-MemorizeTests";
				PRODUCT_NAME = "$(TARGET_NAME)";
				SWIFT_EMIT_LOC_STRINGS = NO;
				SWIFT_VERSION = 5.0;
				TARGETED_DEVICE_FAMILY = "1,2";
				TEST_HOST = "$(BUILT_PRODUCTS_DIR)/CS193-Memorize.app/CS193-Memorize";
			};
			name = Release;
		};
		6A5045C8274A00F500D8FD0D /* Debug */ = {
			isa = XCBuildConfiguration;
			buildSettings = {
				ALWAYS_EMBED_SWIFT_STANDARD_LIBRARIES = YES;
				CODE_SIGN_STYLE = Automatic;
				CURRENT_PROJECT_VERSION = 1;
				DEVELOPMENT_TEAM = NPWN79CNJK;
				GENERATE_INFOPLIST_FILE = YES;
				LD_RUNPATH_SEARCH_PATHS = (
					"$(inherited)",
					"@executable_path/Frameworks",
					"@loader_path/Frameworks",
				);
				MARKETING_VERSION = 1.0;
				PRODUCT_BUNDLE_IDENTIFIER = "com.nlimpid.instructor.CS193-MemorizeUITests";
				PRODUCT_NAME = "$(TARGET_NAME)";
				SWIFT_EMIT_LOC_STRINGS = NO;
				SWIFT_VERSION = 5.0;
				TARGETED_DEVICE_FAMILY = "1,2";
				TEST_TARGET_NAME = "CS193-Memorize";
			};
			name = Debug;
		};
		6A5045C9274A00F500D8FD0D /* Release */ = {
			isa = XCBuildConfiguration;
			buildSettings = {
				ALWAYS_EMBED_SWIFT_STANDARD_LIBRARIES = YES;
				CODE_SIGN_STYLE = Automatic;
				CURRENT_PROJECT_VERSION = 1;
				DEVELOPMENT_TEAM = NPWN79CNJK;
				GENERATE_INFOPLIST_FILE = YES;
				LD_RUNPATH_SEARCH_PATHS = (
					"$(inherited)",
					"@executable_path/Frameworks",
					"@loader_path/Frameworks",
				);
				MARKETING_VERSION = 1.0;
				PRODUCT_BUNDLE_IDENTIFIER = "com.nlimpid.instructor.CS193-MemorizeUITests";
				PRODUCT_NAME = "$(TARGET_NAME)";
				SWIFT_EMIT_LOC_STRINGS = NO;
				SWIFT_VERSION = 5.0;
				TARGETED_DEVICE_FAMILY = "1,2";
				TEST_TARGET_NAME = "CS193-Memorize";
			};
			name = Release;
		};
/* End XCBuildConfiguration section */

/* Begin XCConfigurationList section */
		6A504598274A00F400D8FD0D /* Build configuration list for PBXProject "CS193-Memorize" */ = {
			isa = XCConfigurationList;
			buildConfigurations = (
				6A5045BF274A00F500D8FD0D /* Debug */,
				6A5045C0274A00F500D8FD0D /* Release */,
			);
			defaultConfigurationIsVisible = 0;
			defaultConfigurationName = Release;
		};
		6A5045C1274A00F500D8FD0D /* Build configuration list for PBXNativeTarget "CS193-Memorize" */ = {
			isa = XCConfigurationList;
			buildConfigurations = (
				6A5045C2274A00F500D8FD0D /* Debug */,
				6A5045C3274A00F500D8FD0D /* Release */,
			);
			defaultConfigurationIsVisible = 0;
			defaultConfigurationName = Release;
		};
		6A5045C4274A00F500D8FD0D /* Build configuration list for PBXNativeTarget "CS193-MemorizeTests" */ = {
			isa = XCConfigurationList;
			buildConfigurations = (
				6A5045C5274A00F500D8FD0D /* Debug */,
				6A5045C6274A00F500D8FD0D /* Release */,
			);
			defaultConfigurationIsVisible = 0;
			defaultConfigurationName = Release;
		};
		6A5045C7274A00F500D8FD0D /* Build configuration list for PBXNativeTarget "CS193-MemorizeUITests" */ = {
			isa = XCConfigurationList;
			buildConfigurations = (
				6A5045C8274A00F500D8FD0D /* Debug */,
				6A5045C9274A00F500D8FD0D /* Release */,
			);
			defaultConfigurationIsVisible = 0;
			defaultConfigurationName = Release;
		};
/* End XCConfigurationList section */
	};
	rootObject = 6A504595274A00F400D8FD0D /* Project object */;
}
